
Microsoft Visual Studio Solution File, Format Version 12.00
# Visual Studio Version 16
VisualStudioVersion = 16.0.30011.22
MinimumVisualStudioVersion = 10.0.40219.1
Project("{FAE04EC0-301F-11D3-BF4B-00C04F79EFBC}") = "Domain", "Domain\Domain.csproj", "{FE4725DB-6357-4567-B8C4-8A27F2BD3B1F}"
EndProject
Project("{FAE04EC0-301F-11D3-BF4B-00C04F79EFBC}") = "WebMvc", "WebMvc\WebMvc.csproj", "{09E32768-87AA-4036-A3AD-1D932F19C0F4}"
EndProject
Global
	GlobalSection(SolutionConfigurationPlatforms) = preSolution
		Debug|Any CPU = Debug|Any CPU
		Release|Any CPU = Release|Any CPU
	EndGlobalSection
	GlobalSection(ProjectConfigurationPlatforms) = postSolution
		{FE4725DB-6357-4567-B8C4-8A27F2BD3B1F}.Debug|Any CPU.ActiveCfg = Debug|Any CPU
		{FE4725DB-6357-4567-B8C4-8A27F2BD3B1F}.Debug|Any CPU.Build.0 = Debug|Any CPU
		{FE4725DB-6357-4567-B8C4-8A27F2BD3B1F}.Release|Any CPU.ActiveCfg = Release|Any CPU
		{FE4725DB-6357-4567-B8C4-8A27F2BD3B1F}.Release|Any CPU.Build.0 = Release|Any CPU
		{09E32768-87AA-4036-A3AD-1D932F19C0F4}.Debug|Any CPU.ActiveCfg = Debug|Any CPU
		{09E32768-87AA-4036-A3AD-1D932F19C0F4}.Debug|Any CPU.Build.0 = Debug|Any CPU
		{09E32768-87AA-4036-A3AD-1D932F19C0F4}.Release|Any CPU.ActiveCfg = Release|Any CPU
		{09E32768-87AA-4036-A3AD-1D932F19C0F4}.Release|Any CPU.Build.0 = Release|Any CPU
	EndGlobalSection
	GlobalSection(SolutionProperties) = preSolution
		HideSolutionNode = FALSE
	EndGlobalSection
	GlobalSection(ExtensibilityGlobals) = postSolution
		SolutionGuid = {8538FF2D-441C-477F-9824-7762676C73E1}
	EndGlobalSection
EndGlobal
